
Microsoft Visual Studio Solution File, Format Version 12.00
# Visual Studio Version 17
VisualStudioVersion = 17.14.36908.2
MinimumVisualStudioVersion = 10.0.40219.1
Project("{2150E333-8FDC-42A3-9474-1A3956D46DE8}") = "src", "src", "{02EA681E-C7D8-13C7-8484-4AC65E1B71E8}"
EndProject
Project("{FAE04EC0-301F-11D3-BF4B-00C04F79EFBC}") = "EpplusExtension.WorksheetParser", "src\EpplusExtension.WorksheetParser.csproj", "{D9A598D3-B807-5D55-A8E8-2B69EAA5E0CC}"
EndProject
Project("{FAE04EC0-301F-11D3-BF4B-00C04F79EFBC}") = "EpplusExtension.WorksheetParser.Sample", "sample\EpplusExtension.WorksheetParser.Sample.csproj", "{2C269845-F4D3-8C8D-2247-5BF7B38F032D}"
EndProject
Project("{2150E333-8FDC-42A3-9474-1A3956D46DE8}") = "Solution Items", "Solution Items", "{C1406F73-432A-4B1C-B2DA-7B34B078FBB1}"
	ProjectSection(SolutionItems) = preProject
		.editorconfig = .editorconfig
	EndProjectSection
EndProject
Global
	GlobalSection(SolutionConfigurationPlatforms) = preSolution
		Debug|Any CPU = Debug|Any CPU
		Release|Any CPU = Release|Any CPU
	EndGlobalSection
	GlobalSection(ProjectConfigurationPlatforms) = postSolution
		{D9A598D3-B807-5D55-A8E8-2B69EAA5E0CC}.Debug|Any CPU.ActiveCfg = Debug|Any CPU
		{D9A598D3-B807-5D55-A8E8-2B69EAA5E0CC}.Debug|Any CPU.Build.0 = Debug|Any CPU
		{D9A598D3-B807-5D55-A8E8-2B69EAA5E0CC}.Release|Any CPU.ActiveCfg = Release|Any CPU
		{D9A598D3-B807-5D55-A8E8-2B69EAA5E0CC}.Release|Any CPU.Build.0 = Release|Any CPU
		{2C269845-F4D3-8C8D-2247-5BF7B38F032D}.Debug|Any CPU.ActiveCfg = Debug|Any CPU
		{2C269845-F4D3-8C8D-2247-5BF7B38F032D}.Debug|Any CPU.Build.0 = Debug|Any CPU
		{2C269845-F4D3-8C8D-2247-5BF7B38F032D}.Release|Any CPU.ActiveCfg = Release|Any CPU
		{2C269845-F4D3-8C8D-2247-5BF7B38F032D}.Release|Any CPU.Build.0 = Release|Any CPU
	EndGlobalSection
	GlobalSection(SolutionProperties) = preSolution
		HideSolutionNode = FALSE
	EndGlobalSection
	GlobalSection(NestedProjects) = preSolution
		{D9A598D3-B807-5D55-A8E8-2B69EAA5E0CC} = {02EA681E-C7D8-13C7-8484-4AC65E1B71E8}
		{2C269845-F4D3-8C8D-2247-5BF7B38F032D} = {02EA681E-C7D8-13C7-8484-4AC65E1B71E8}
	EndGlobalSection
	GlobalSection(ExtensibilityGlobals) = postSolution
		SolutionGuid = {8F7723B5-4BDA-42CE-AEA2-264A20ED183F}
	EndGlobalSection
EndGlobal
